
Microsoft Visual Studio Solution File, Format Version 10.00
# Visual Studio 2008
Project("{FAE04EC0-301F-11D3-BF4B-00C04F79EFBC}") = "NutonF", "NutonF\NutonF.csproj", "{C68F9467-73F9-4621-97B4-9A88991A6A71}"
EndProject
Global
	GlobalSection(SolutionConfigurationPlatforms) = preSolution
		Debug|Any CPU = Debug|Any CPU
		Release|Any CPU = Release|Any CPU
	EndGlobalSection
	GlobalSection(ProjectConfigurationPlatforms) = postSolution
		{C68F9467-73F9-4621-97B4-9A88991A6A71}.Debug|Any CPU.ActiveCfg = Debug|Any CPU
		{C68F9467-73F9-4621-97B4-9A88991A6A71}.Debug|Any CPU.Build.0 = Debug|Any CPU
		{C68F9467-73F9-4621-97B4-9A88991A6A71}.Release|Any CPU.ActiveCfg = Release|Any CPU
		{C68F9467-73F9-4621-97B4-9A88991A6A71}.Release|Any CPU.Build.0 = Release|Any CPU
	EndGlobalSection
	GlobalSection(SolutionProperties) = preSolution
		HideSolutionNode = FALSE
	EndGlobalSection
EndGlobal
