
Microsoft Visual Studio Solution File, Format Version 10.00
# Visual Studio 2008
Project("{FAE04EC0-301F-11D3-BF4B-00C04F79EFBC}") = "Perevantajzennya", "Perevantajzennya\Perevantajzennya.csproj", "{AA867770-0E3A-4937-983B-546BA89C7BF8}"
EndProject
Global
	GlobalSection(SolutionConfigurationPlatforms) = preSolution
		Debug|Any CPU = Debug|Any CPU
		Release|Any CPU = Release|Any CPU
	EndGlobalSection
	GlobalSection(ProjectConfigurationPlatforms) = postSolution
		{AA867770-0E3A-4937-983B-546BA89C7BF8}.Debug|Any CPU.ActiveCfg = Debug|Any CPU
		{AA867770-0E3A-4937-983B-546BA89C7BF8}.Debug|Any CPU.Build.0 = Debug|Any CPU
		{AA867770-0E3A-4937-983B-546BA89C7BF8}.Release|Any CPU.ActiveCfg = Release|Any CPU
		{AA867770-0E3A-4937-983B-546BA89C7BF8}.Release|Any CPU.Build.0 = Release|Any CPU
	EndGlobalSection
	GlobalSection(SolutionProperties) = preSolution
		HideSolutionNode = FALSE
	EndGlobalSection
EndGlobal
